
Microsoft Visual Studio Solution File, Format Version 12.00
# Visual Studio Version 17
VisualStudioVersion = 17.6.33815.320
MinimumVisualStudioVersion = 10.0.40219.1
Project("{2150E333-8FDC-42A3-9474-1A3956D46DE8}") = "Engine", "Engine", "{62CBD3FA-534D-4404-B2AB-919773C8729F}"
EndProject
Project("{2150E333-8FDC-42A3-9474-1A3956D46DE8}") = "Game", "Game", "{D8859B8B-B236-4285-BF6E-E22896BF12DC}"
EndProject
Project("{8BC9CEB8-8B4A-11D0-8D11-00A0C91BC942}") = "Core", "Source\Engine\Core\Core.vcxproj", "{FCB37EEA-B1A3-4380-9FA2-2A0EE7D1D1D5}"
EndProject
Project("{8BC9CEB8-8B4A-11D0-8D11-00A0C91BC942}") = "Game", "Source\Game\Game\Game.vcxproj", "{4A4B5E69-2123-4532-8C45-9D79D506D451}"
EndProject
Project("{8BC9CEB8-8B4A-11D0-8D11-00A0C91BC942}") = "Renderer", "Source\Engine\Renderer\Renderer.vcxproj", "{2CFCFBA6-91DA-4E0E-957C-E58E3E15E851}"
EndProject
Project("{8BC9CEB8-8B4A-11D0-8D11-00A0C91BC942}") = "Input", "Source\Engine\Input\Input.vcxproj", "{DC3529E9-1926-4FCE-89D5-CB638F765E66}"
EndProject
Global
	GlobalSection(SolutionConfigurationPlatforms) = preSolution
		Debug|x64 = Debug|x64
		Debug|x86 = Debug|x86
		Release|x64 = Release|x64
		Release|x86 = Release|x86
	EndGlobalSection
	GlobalSection(ProjectConfigurationPlatforms) = postSolution
		{FCB37EEA-B1A3-4380-9FA2-2A0EE7D1D1D5}.Debug|x64.ActiveCfg = Debug|x64
		{FCB37EEA-B1A3-4380-9FA2-2A0EE7D1D1D5}.Debug|x64.Build.0 = Debug|x64
		{FCB37EEA-B1A3-4380-9FA2-2A0EE7D1D1D5}.Debug|x86.ActiveCfg = Debug|Win32
		{FCB37EEA-B1A3-4380-9FA2-2A0EE7D1D1D5}.Debug|x86.Build.0 = Debug|Win32
		{FCB37EEA-B1A3-4380-9FA2-2A0EE7D1D1D5}.Release|x64.ActiveCfg = Release|x64
		{FCB37EEA-B1A3-4380-9FA2-2A0EE7D1D1D5}.Release|x64.Build.0 = Release|x64
		{FCB37EEA-B1A3-4380-9FA2-2A0EE7D1D1D5}.Release|x86.ActiveCfg = Release|Win32
		{FCB37EEA-B1A3-4380-9FA2-2A0EE7D1D1D5}.Release|x86.Build.0 = Release|Win32
		{4A4B5E69-2123-4532-8C45-9D79D506D451}.Debug|x64.ActiveCfg = Debug|x64
		{4A4B5E69-2123-4532-8C45-9D79D506D451}.Debug|x64.Build.0 = Debug|x64
		{4A4B5E69-2123-4532-8C45-9D79D506D451}.Debug|x86.ActiveCfg = Debug|Win32
		{4A4B5E69-2123-4532-8C45-9D79D506D451}.Debug|x86.Build.0 = Debug|Win32
		{4A4B5E69-2123-4532-8C45-9D79D506D451}.Release|x64.ActiveCfg = Release|x64
		{4A4B5E69-2123-4532-8C45-9D79D506D451}.Release|x64.Build.0 = Release|x64
		{4A4B5E69-2123-4532-8C45-9D79D506D451}.Release|x86.ActiveCfg = Release|Win32
		{4A4B5E69-2123-4532-8C45-9D79D506D451}.Release|x86.Build.0 = Release|Win32
		{2CFCFBA6-91DA-4E0E-957C-E58E3E15E851}.Debug|x64.ActiveCfg = Debug|x64
		{2CFCFBA6-91DA-4E0E-957C-E58E3E15E851}.Debug|x64.Build.0 = Debug|x64
		{2CFCFBA6-91DA-4E0E-957C-E58E3E15E851}.Debug|x86.ActiveCfg = Debug|Win32
		{2CFCFBA6-91DA-4E0E-957C-E58E3E15E851}.Debug|x86.Build.0 = Debug|Win32
		{2CFCFBA6-91DA-4E0E-957C-E58E3E15E851}.Release|x64.ActiveCfg = Release|x64
		{2CFCFBA6-91DA-4E0E-957C-E58E3E15E851}.Release|x64.Build.0 = Release|x64
		{2CFCFBA6-91DA-4E0E-957C-E58E3E15E851}.Release|x86.ActiveCfg = Release|Win32
		{2CFCFBA6-91DA-4E0E-957C-E58E3E15E851}.Release|x86.Build.0 = Release|Win32
		{DC3529E9-1926-4FCE-89D5-CB638F765E66}.Debug|x64.ActiveCfg = Debug|x64
		{DC3529E9-1926-4FCE-89D5-CB638F765E66}.Debug|x64.Build.0 = Debug|x64
		{DC3529E9-1926-4FCE-89D5-CB638F765E66}.Debug|x86.ActiveCfg = Debug|Win32
		{DC3529E9-1926-4FCE-89D5-CB638F765E66}.Debug|x86.Build.0 = Debug|Win32
		{DC3529E9-1926-4FCE-89D5-CB638F765E66}.Release|x64.ActiveCfg = Release|x64
		{DC3529E9-1926-4FCE-89D5-CB638F765E66}.Release|x64.Build.0 = Release|x64
		{DC3529E9-1926-4FCE-89D5-CB638F765E66}.Release|x86.ActiveCfg = Release|Win32
		{DC3529E9-1926-4FCE-89D5-CB638F765E66}.Release|x86.Build.0 = Release|Win32
	EndGlobalSection
	GlobalSection(SolutionProperties) = preSolution
		HideSolutionNode = FALSE
	EndGlobalSection
	GlobalSection(NestedProjects) = preSolution
		{FCB37EEA-B1A3-4380-9FA2-2A0EE7D1D1D5} = {62CBD3FA-534D-4404-B2AB-919773C8729F}
		{4A4B5E69-2123-4532-8C45-9D79D506D451} = {D8859B8B-B236-4285-BF6E-E22896BF12DC}
		{2CFCFBA6-91DA-4E0E-957C-E58E3E15E851} = {62CBD3FA-534D-4404-B2AB-919773C8729F}
		{DC3529E9-1926-4FCE-89D5-CB638F765E66} = {62CBD3FA-534D-4404-B2AB-919773C8729F}
	EndGlobalSection
	GlobalSection(ExtensibilityGlobals) = postSolution
		SolutionGuid = {C57B64B9-FAA3-4F3F-8C0A-76563BDCCA1C}
	EndGlobalSection
EndGlobal
